
Microsoft Visual Studio Solution File, Format Version 12.00
# Visual Studio Version 16
VisualStudioVersion = 16.0.30907.101
MinimumVisualStudioVersion = 10.0.40219.1
Project("{9A19103F-16F7-4668-BE54-9A1E7A4F7556}") = "Shopping.App", "Shopping.App\Shopping.App.csproj", "{1B734C81-BF08-41D9-8E63-B54776AF0B15}"
EndProject
Project("{9A19103F-16F7-4668-BE54-9A1E7A4F7556}") = "Shopping.API", "Shopping.API\Shopping.API.csproj", "{D604267F-E833-4333-9CE4-D3FC3486CDCA}"
EndProject
Project("{E53339B2-1760-4266-BCC7-CA923CBCF16C}") = "docker-compose", "docker-compose.dcproj", "{8C85BB70-CB79-4CAC-9C22-DF4B1F16C5AF}"
EndProject
Global
	GlobalSection(SolutionConfigurationPlatforms) = preSolution
		Debug|Any CPU = Debug|Any CPU
		Release|Any CPU = Release|Any CPU
	EndGlobalSection
	GlobalSection(ProjectConfigurationPlatforms) = postSolution
		{1B734C81-BF08-41D9-8E63-B54776AF0B15}.Debug|Any CPU.ActiveCfg = Debug|Any CPU
		{1B734C81-BF08-41D9-8E63-B54776AF0B15}.Debug|Any CPU.Build.0 = Debug|Any CPU
		{1B734C81-BF08-41D9-8E63-B54776AF0B15}.Release|Any CPU.ActiveCfg = Release|Any CPU
		{1B734C81-BF08-41D9-8E63-B54776AF0B15}.Release|Any CPU.Build.0 = Release|Any CPU
		{D604267F-E833-4333-9CE4-D3FC3486CDCA}.Debug|Any CPU.ActiveCfg = Debug|Any CPU
		{D604267F-E833-4333-9CE4-D3FC3486CDCA}.Debug|Any CPU.Build.0 = Debug|Any CPU
		{D604267F-E833-4333-9CE4-D3FC3486CDCA}.Release|Any CPU.ActiveCfg = Release|Any CPU
		{D604267F-E833-4333-9CE4-D3FC3486CDCA}.Release|Any CPU.Build.0 = Release|Any CPU
		{8C85BB70-CB79-4CAC-9C22-DF4B1F16C5AF}.Debug|Any CPU.ActiveCfg = Debug|Any CPU
		{8C85BB70-CB79-4CAC-9C22-DF4B1F16C5AF}.Debug|Any CPU.Build.0 = Debug|Any CPU
		{8C85BB70-CB79-4CAC-9C22-DF4B1F16C5AF}.Release|Any CPU.ActiveCfg = Release|Any CPU
		{8C85BB70-CB79-4CAC-9C22-DF4B1F16C5AF}.Release|Any CPU.Build.0 = Release|Any CPU
	EndGlobalSection
	GlobalSection(SolutionProperties) = preSolution
		HideSolutionNode = FALSE
	EndGlobalSection
	GlobalSection(ExtensibilityGlobals) = postSolution
		SolutionGuid = {4D8F18E6-5409-48E7-8F7E-4C60D4ED65EF}
	EndGlobalSection
EndGlobal
